{
    "name": "code",
    "lockfileVersion": 3,
    "requires": true,
    "packages": {
        "": {
            "dependencies": {
                "@duplojs/server-utils": "0.4.1",
                "@duplojs/utils": "1.9.6"
            }
        },
        "node_modules/@duplojs/server-utils": {
            "version": "0.4.1",
            "resolved": "https://registry.npmjs.org/@duplojs/server-utils/-/server-utils-0.4.1.tgz",
            "integrity": "sha512-1afpRSwr6fmImw+JhOQESQADtXf6qtQo43y3JgeARe0S2f95AoljAB+XtcIXE3SuxW8pXOnIhWVfXfeKT5qHxg==",
            "engines": {
                "node": ">=22.15.1"
            },
            "peerDependencies": {
                "@duplojs/utils": ">=1.9.1 <2.0.0"
            }
        },
        "node_modules/@duplojs/utils": {
            "version": "1.9.6",
            "resolved": "https://registry.npmjs.org/@duplojs/utils/-/utils-1.9.6.tgz",
            "integrity": "sha512-IjyJCdKAp2q6kDsjnLKcukDcjaFxK2Lr2INk67W0clphzMcM/DfL9Bcr+0y6O5PdQTgeRt3T2Hdl67k/SpHYZQ==",
            "engines": {
                "node": ">=22.15.1"
            }
        }
    }
}
