{
    "name": "code",
    "lockfileVersion": 3,
    "requires": true,
    "packages": {
        "": {
            "dependencies": {
                "@duplojs/utils": "1.9.6"
            }
        },
        "node_modules/@duplojs/utils": {
            "version": "1.9.6",
            "resolved": "https://registry.npmjs.org/@duplojs/utils/-/utils-1.9.6.tgz",
            "integrity": "sha512-IjyJCdKAp2q6kDsjnLKcukDcjaFxK2Lr2INk67W0clphzMcM/DfL9Bcr+0y6O5PdQTgeRt3T2Hdl67k/SpHYZQ==",
            "engines": {
                "node": ">=22.15.1"
            }
        }
    }
}
