{
    "name": "code",
    "lockfileVersion": 3,
    "requires": true,
    "packages": {
        "": {
            "dependencies": {
                "@duplojs/utils": "1.9.9"
            }
        },
        "node_modules/@duplojs/utils": {
            "version": "1.9.9",
            "resolved": "https://registry.npmjs.org/@duplojs/utils/-/utils-1.9.9.tgz",
            "integrity": "sha512-U8l948ka2ObxZP2LfmVljpQlKfo/jdNBrsKqnJyGMM9wASGx6FnhrUxxA18EhK7d/N+0JbniQgNaqDWKOBhPgA==",
            "license": "MIT",
            "workspaces": [
                "integration",
                "docs"
            ],
            "engines": {
                "node": ">=22.15.1"
            }
        }
    }
}
